
Microsoft Visual Studio Solution File, Format Version 11.00
# Visual Studio 2010
Project("{FAE04EC0-301F-11D3-BF4B-00C04F79EFBC}") = "ARpr", "Assembly-CSharp.csproj", "{D587ACF7-320A-761A-03E7-BBA0E1CBCAD0}"
EndProject
Project("{FAE04EC0-301F-11D3-BF4B-00C04F79EFBC}") = "ARpr", "Assembly-CSharp-Editor.csproj", "{9790CB36-BFBB-79F1-7307-4DDF8E538BF8}"
EndProject
Global
	GlobalSection(SolutionConfigurationPlatforms) = preSolution
		Debug|Any CPU = Debug|Any CPU
		Release|Any CPU = Release|Any CPU
	EndGlobalSection
	GlobalSection(ProjectConfigurationPlatforms) = postSolution
		{D587ACF7-320A-761A-03E7-BBA0E1CBCAD0}.Debug|Any CPU.ActiveCfg = Debug|Any CPU
		{D587ACF7-320A-761A-03E7-BBA0E1CBCAD0}.Debug|Any CPU.Build.0 = Debug|Any CPU
		{D587ACF7-320A-761A-03E7-BBA0E1CBCAD0}.Release|Any CPU.ActiveCfg = Release|Any CPU
		{D587ACF7-320A-761A-03E7-BBA0E1CBCAD0}.Release|Any CPU.Build.0 = Release|Any CPU
		{9790CB36-BFBB-79F1-7307-4DDF8E538BF8}.Debug|Any CPU.ActiveCfg = Debug|Any CPU
		{9790CB36-BFBB-79F1-7307-4DDF8E538BF8}.Debug|Any CPU.Build.0 = Debug|Any CPU
		{9790CB36-BFBB-79F1-7307-4DDF8E538BF8}.Release|Any CPU.ActiveCfg = Release|Any CPU
		{9790CB36-BFBB-79F1-7307-4DDF8E538BF8}.Release|Any CPU.Build.0 = Release|Any CPU
	EndGlobalSection
	GlobalSection(SolutionProperties) = preSolution
		HideSolutionNode = FALSE
	EndGlobalSection
	GlobalSection(MonoDevelopProperties) = preSolution
		StartupItem = Assembly-CSharp.csproj
	EndGlobalSection
EndGlobal
